
Microsoft Visual Studio Solution File, Format Version 12.00
# Visual Studio 14
VisualStudioVersion = 14.0.24720.0
MinimumVisualStudioVersion = 10.0.40219.1
Project("{FAE04EC0-301F-11D3-BF4B-00C04F79EFBC}") = "SslBook", "SslBook\SslBook.csproj", "{EED91B2C-96D6-49A7-A5EC-FC0FCE892D5B}"
EndProject
Project("{8BC9CEB8-8B4A-11D0-8D11-00A0C91BC942}") = "HttpClient", "HttpClient\HttpClient.vcxproj", "{41AE54D0-D6F3-4996-9916-E0FC7BBA42EE}"
EndProject
Project("{8BC9CEB8-8B4A-11D0-8D11-00A0C91BC942}") = "SslLib", "SslLib\SslLib.vcxproj", "{F459CE3F-729A-4BF2-B551-EB5848E3D6E3}"
EndProject
Project("{8BC9CEB8-8B4A-11D0-8D11-00A0C91BC942}") = "HttpServer", "HttpServer\HttpServer.vcxproj", "{12BB77C3-17BE-4BD0-BF42-525AA15C96A1}"
EndProject
Project("{8BC9CEB8-8B4A-11D0-8D11-00A0C91BC942}") = "Des", "Des\Des.vcxproj", "{B2BA6756-CDA5-4A02-9E4F-0823FF351BA4}"
EndProject
Project("{8BC9CEB8-8B4A-11D0-8D11-00A0C91BC942}") = "Des.Test", "Des.Test\Des.Test.vcxproj", "{34BEB5E1-37FD-4330-9F86-7D720CBC5C9C}"
EndProject
Project("{8BC9CEB8-8B4A-11D0-8D11-00A0C91BC942}") = "Utils", "Utils\Utils.vcxproj", "{8E0B165E-4805-47D4-ACB6-67EC5C1F06D0}"
EndProject
Project("{8BC9CEB8-8B4A-11D0-8D11-00A0C91BC942}") = "Aes", "Aes\Aes.vcxproj", "{34E4364A-446F-4996-A0BA-A75CB265B7DC}"
EndProject
Project("{8BC9CEB8-8B4A-11D0-8D11-00A0C91BC942}") = "Aes.Test", "Aes.Test\Aes.Test.vcxproj", "{246EA974-E3AF-43C9-99CE-AFC5F99D21C0}"
EndProject
Project("{8BC9CEB8-8B4A-11D0-8D11-00A0C91BC942}") = "Rc4", "Rc4\Rc4.vcxproj", "{11344DE9-A29D-4362-A5EA-D8378E64AC50}"
EndProject
Project("{8BC9CEB8-8B4A-11D0-8D11-00A0C91BC942}") = "Rc4.Test", "Rc4.Test\Rc4.Test.vcxproj", "{7B9A25CE-675B-496C-92A1-DE61BBBCF9BA}"
EndProject
Project("{8BC9CEB8-8B4A-11D0-8D11-00A0C91BC942}") = "Huge", "Huge\Huge.vcxproj", "{E8CE67A0-F107-4641-8F37-5FD11FE2EBF5}"
EndProject
Project("{8BC9CEB8-8B4A-11D0-8D11-00A0C91BC942}") = "Huge.Test", "Huge.Test\Huge.Test.vcxproj", "{8067D586-7024-4401-8474-EDEDBBDD1FE3}"
EndProject
Global
	GlobalSection(SolutionConfigurationPlatforms) = preSolution
		Debug|Any CPU = Debug|Any CPU
		Debug|x64 = Debug|x64
		Debug|x86 = Debug|x86
		Release|Any CPU = Release|Any CPU
		Release|x64 = Release|x64
		Release|x86 = Release|x86
	EndGlobalSection
	GlobalSection(ProjectConfigurationPlatforms) = postSolution
		{EED91B2C-96D6-49A7-A5EC-FC0FCE892D5B}.Debug|Any CPU.ActiveCfg = Debug|Any CPU
		{EED91B2C-96D6-49A7-A5EC-FC0FCE892D5B}.Debug|Any CPU.Build.0 = Debug|Any CPU
		{EED91B2C-96D6-49A7-A5EC-FC0FCE892D5B}.Debug|x64.ActiveCfg = Debug|Any CPU
		{EED91B2C-96D6-49A7-A5EC-FC0FCE892D5B}.Debug|x64.Build.0 = Debug|Any CPU
		{EED91B2C-96D6-49A7-A5EC-FC0FCE892D5B}.Debug|x86.ActiveCfg = Debug|Any CPU
		{EED91B2C-96D6-49A7-A5EC-FC0FCE892D5B}.Debug|x86.Build.0 = Debug|Any CPU
		{EED91B2C-96D6-49A7-A5EC-FC0FCE892D5B}.Release|Any CPU.ActiveCfg = Release|Any CPU
		{EED91B2C-96D6-49A7-A5EC-FC0FCE892D5B}.Release|Any CPU.Build.0 = Release|Any CPU
		{EED91B2C-96D6-49A7-A5EC-FC0FCE892D5B}.Release|x64.ActiveCfg = Release|Any CPU
		{EED91B2C-96D6-49A7-A5EC-FC0FCE892D5B}.Release|x64.Build.0 = Release|Any CPU
		{EED91B2C-96D6-49A7-A5EC-FC0FCE892D5B}.Release|x86.ActiveCfg = Release|Any CPU
		{EED91B2C-96D6-49A7-A5EC-FC0FCE892D5B}.Release|x86.Build.0 = Release|Any CPU
		{41AE54D0-D6F3-4996-9916-E0FC7BBA42EE}.Debug|Any CPU.ActiveCfg = Debug|Win32
		{41AE54D0-D6F3-4996-9916-E0FC7BBA42EE}.Debug|Any CPU.Build.0 = Debug|Win32
		{41AE54D0-D6F3-4996-9916-E0FC7BBA42EE}.Debug|x64.ActiveCfg = Debug|x64
		{41AE54D0-D6F3-4996-9916-E0FC7BBA42EE}.Debug|x64.Build.0 = Debug|x64
		{41AE54D0-D6F3-4996-9916-E0FC7BBA42EE}.Debug|x86.ActiveCfg = Debug|Win32
		{41AE54D0-D6F3-4996-9916-E0FC7BBA42EE}.Debug|x86.Build.0 = Debug|Win32
		{41AE54D0-D6F3-4996-9916-E0FC7BBA42EE}.Release|Any CPU.ActiveCfg = Release|Win32
		{41AE54D0-D6F3-4996-9916-E0FC7BBA42EE}.Release|x64.ActiveCfg = Release|x64
		{41AE54D0-D6F3-4996-9916-E0FC7BBA42EE}.Release|x64.Build.0 = Release|x64
		{41AE54D0-D6F3-4996-9916-E0FC7BBA42EE}.Release|x86.ActiveCfg = Release|Win32
		{41AE54D0-D6F3-4996-9916-E0FC7BBA42EE}.Release|x86.Build.0 = Release|Win32
		{F459CE3F-729A-4BF2-B551-EB5848E3D6E3}.Debug|Any CPU.ActiveCfg = Debug|Win32
		{F459CE3F-729A-4BF2-B551-EB5848E3D6E3}.Debug|Any CPU.Build.0 = Debug|Win32
		{F459CE3F-729A-4BF2-B551-EB5848E3D6E3}.Debug|x64.ActiveCfg = Debug|x64
		{F459CE3F-729A-4BF2-B551-EB5848E3D6E3}.Debug|x64.Build.0 = Debug|x64
		{F459CE3F-729A-4BF2-B551-EB5848E3D6E3}.Debug|x86.ActiveCfg = Debug|Win32
		{F459CE3F-729A-4BF2-B551-EB5848E3D6E3}.Debug|x86.Build.0 = Debug|Win32
		{F459CE3F-729A-4BF2-B551-EB5848E3D6E3}.Release|Any CPU.ActiveCfg = Release|Win32
		{F459CE3F-729A-4BF2-B551-EB5848E3D6E3}.Release|x64.ActiveCfg = Release|x64
		{F459CE3F-729A-4BF2-B551-EB5848E3D6E3}.Release|x64.Build.0 = Release|x64
		{F459CE3F-729A-4BF2-B551-EB5848E3D6E3}.Release|x86.ActiveCfg = Release|Win32
		{F459CE3F-729A-4BF2-B551-EB5848E3D6E3}.Release|x86.Build.0 = Release|Win32
		{12BB77C3-17BE-4BD0-BF42-525AA15C96A1}.Debug|Any CPU.ActiveCfg = Debug|Win32
		{12BB77C3-17BE-4BD0-BF42-525AA15C96A1}.Debug|Any CPU.Build.0 = Debug|Win32
		{12BB77C3-17BE-4BD0-BF42-525AA15C96A1}.Debug|x64.ActiveCfg = Debug|x64
		{12BB77C3-17BE-4BD0-BF42-525AA15C96A1}.Debug|x64.Build.0 = Debug|x64
		{12BB77C3-17BE-4BD0-BF42-525AA15C96A1}.Debug|x86.ActiveCfg = Debug|Win32
		{12BB77C3-17BE-4BD0-BF42-525AA15C96A1}.Debug|x86.Build.0 = Debug|Win32
		{12BB77C3-17BE-4BD0-BF42-525AA15C96A1}.Release|Any CPU.ActiveCfg = Release|Win32
		{12BB77C3-17BE-4BD0-BF42-525AA15C96A1}.Release|x64.ActiveCfg = Release|x64
		{12BB77C3-17BE-4BD0-BF42-525AA15C96A1}.Release|x64.Build.0 = Release|x64
		{12BB77C3-17BE-4BD0-BF42-525AA15C96A1}.Release|x86.ActiveCfg = Release|Win32
		{12BB77C3-17BE-4BD0-BF42-525AA15C96A1}.Release|x86.Build.0 = Release|Win32
		{B2BA6756-CDA5-4A02-9E4F-0823FF351BA4}.Debug|Any CPU.ActiveCfg = Debug|Win32
		{B2BA6756-CDA5-4A02-9E4F-0823FF351BA4}.Debug|Any CPU.Build.0 = Debug|Win32
		{B2BA6756-CDA5-4A02-9E4F-0823FF351BA4}.Debug|x64.ActiveCfg = Debug|x64
		{B2BA6756-CDA5-4A02-9E4F-0823FF351BA4}.Debug|x64.Build.0 = Debug|x64
		{B2BA6756-CDA5-4A02-9E4F-0823FF351BA4}.Debug|x86.ActiveCfg = Debug|Win32
		{B2BA6756-CDA5-4A02-9E4F-0823FF351BA4}.Debug|x86.Build.0 = Debug|Win32
		{B2BA6756-CDA5-4A02-9E4F-0823FF351BA4}.Release|Any CPU.ActiveCfg = Release|Win32
		{B2BA6756-CDA5-4A02-9E4F-0823FF351BA4}.Release|x64.ActiveCfg = Release|x64
		{B2BA6756-CDA5-4A02-9E4F-0823FF351BA4}.Release|x64.Build.0 = Release|x64
		{B2BA6756-CDA5-4A02-9E4F-0823FF351BA4}.Release|x86.ActiveCfg = Release|Win32
		{B2BA6756-CDA5-4A02-9E4F-0823FF351BA4}.Release|x86.Build.0 = Release|Win32
		{34BEB5E1-37FD-4330-9F86-7D720CBC5C9C}.Debug|Any CPU.ActiveCfg = Debug|Win32
		{34BEB5E1-37FD-4330-9F86-7D720CBC5C9C}.Debug|Any CPU.Build.0 = Debug|Win32
		{34BEB5E1-37FD-4330-9F86-7D720CBC5C9C}.Debug|x64.ActiveCfg = Debug|x64
		{34BEB5E1-37FD-4330-9F86-7D720CBC5C9C}.Debug|x64.Build.0 = Debug|x64
		{34BEB5E1-37FD-4330-9F86-7D720CBC5C9C}.Debug|x86.ActiveCfg = Debug|Win32
		{34BEB5E1-37FD-4330-9F86-7D720CBC5C9C}.Debug|x86.Build.0 = Debug|Win32
		{34BEB5E1-37FD-4330-9F86-7D720CBC5C9C}.Release|Any CPU.ActiveCfg = Release|Win32
		{34BEB5E1-37FD-4330-9F86-7D720CBC5C9C}.Release|x64.ActiveCfg = Release|x64
		{34BEB5E1-37FD-4330-9F86-7D720CBC5C9C}.Release|x64.Build.0 = Release|x64
		{34BEB5E1-37FD-4330-9F86-7D720CBC5C9C}.Release|x86.ActiveCfg = Release|Win32
		{34BEB5E1-37FD-4330-9F86-7D720CBC5C9C}.Release|x86.Build.0 = Release|Win32
		{8E0B165E-4805-47D4-ACB6-67EC5C1F06D0}.Debug|Any CPU.ActiveCfg = Debug|Win32
		{8E0B165E-4805-47D4-ACB6-67EC5C1F06D0}.Debug|Any CPU.Build.0 = Debug|Win32
		{8E0B165E-4805-47D4-ACB6-67EC5C1F06D0}.Debug|x64.ActiveCfg = Debug|x64
		{8E0B165E-4805-47D4-ACB6-67EC5C1F06D0}.Debug|x64.Build.0 = Debug|x64
		{8E0B165E-4805-47D4-ACB6-67EC5C1F06D0}.Debug|x86.ActiveCfg = Debug|Win32
		{8E0B165E-4805-47D4-ACB6-67EC5C1F06D0}.Debug|x86.Build.0 = Debug|Win32
		{8E0B165E-4805-47D4-ACB6-67EC5C1F06D0}.Release|Any CPU.ActiveCfg = Release|Win32
		{8E0B165E-4805-47D4-ACB6-67EC5C1F06D0}.Release|x64.ActiveCfg = Release|x64
		{8E0B165E-4805-47D4-ACB6-67EC5C1F06D0}.Release|x64.Build.0 = Release|x64
		{8E0B165E-4805-47D4-ACB6-67EC5C1F06D0}.Release|x86.ActiveCfg = Release|Win32
		{8E0B165E-4805-47D4-ACB6-67EC5C1F06D0}.Release|x86.Build.0 = Release|Win32
		{34E4364A-446F-4996-A0BA-A75CB265B7DC}.Debug|Any CPU.ActiveCfg = Debug|Win32
		{34E4364A-446F-4996-A0BA-A75CB265B7DC}.Debug|Any CPU.Build.0 = Debug|Win32
		{34E4364A-446F-4996-A0BA-A75CB265B7DC}.Debug|x64.ActiveCfg = Debug|x64
		{34E4364A-446F-4996-A0BA-A75CB265B7DC}.Debug|x64.Build.0 = Debug|x64
		{34E4364A-446F-4996-A0BA-A75CB265B7DC}.Debug|x86.ActiveCfg = Debug|Win32
		{34E4364A-446F-4996-A0BA-A75CB265B7DC}.Debug|x86.Build.0 = Debug|Win32
		{34E4364A-446F-4996-A0BA-A75CB265B7DC}.Release|Any CPU.ActiveCfg = Release|Win32
		{34E4364A-446F-4996-A0BA-A75CB265B7DC}.Release|x64.ActiveCfg = Release|x64
		{34E4364A-446F-4996-A0BA-A75CB265B7DC}.Release|x64.Build.0 = Release|x64
		{34E4364A-446F-4996-A0BA-A75CB265B7DC}.Release|x86.ActiveCfg = Release|Win32
		{34E4364A-446F-4996-A0BA-A75CB265B7DC}.Release|x86.Build.0 = Release|Win32
		{246EA974-E3AF-43C9-99CE-AFC5F99D21C0}.Debug|Any CPU.ActiveCfg = Debug|Win32
		{246EA974-E3AF-43C9-99CE-AFC5F99D21C0}.Debug|Any CPU.Build.0 = Debug|Win32
		{246EA974-E3AF-43C9-99CE-AFC5F99D21C0}.Debug|x64.ActiveCfg = Debug|x64
		{246EA974-E3AF-43C9-99CE-AFC5F99D21C0}.Debug|x64.Build.0 = Debug|x64
		{246EA974-E3AF-43C9-99CE-AFC5F99D21C0}.Debug|x86.ActiveCfg = Debug|Win32
		{246EA974-E3AF-43C9-99CE-AFC5F99D21C0}.Debug|x86.Build.0 = Debug|Win32
		{246EA974-E3AF-43C9-99CE-AFC5F99D21C0}.Release|Any CPU.ActiveCfg = Release|Win32
		{246EA974-E3AF-43C9-99CE-AFC5F99D21C0}.Release|x64.ActiveCfg = Release|x64
		{246EA974-E3AF-43C9-99CE-AFC5F99D21C0}.Release|x64.Build.0 = Release|x64
		{246EA974-E3AF-43C9-99CE-AFC5F99D21C0}.Release|x86.ActiveCfg = Release|Win32
		{246EA974-E3AF-43C9-99CE-AFC5F99D21C0}.Release|x86.Build.0 = Release|Win32
		{11344DE9-A29D-4362-A5EA-D8378E64AC50}.Debug|Any CPU.ActiveCfg = Debug|Win32
		{11344DE9-A29D-4362-A5EA-D8378E64AC50}.Debug|Any CPU.Build.0 = Debug|Win32
		{11344DE9-A29D-4362-A5EA-D8378E64AC50}.Debug|x64.ActiveCfg = Debug|x64
		{11344DE9-A29D-4362-A5EA-D8378E64AC50}.Debug|x64.Build.0 = Debug|x64
		{11344DE9-A29D-4362-A5EA-D8378E64AC50}.Debug|x86.ActiveCfg = Debug|Win32
		{11344DE9-A29D-4362-A5EA-D8378E64AC50}.Debug|x86.Build.0 = Debug|Win32
		{11344DE9-A29D-4362-A5EA-D8378E64AC50}.Release|Any CPU.ActiveCfg = Release|Win32
		{11344DE9-A29D-4362-A5EA-D8378E64AC50}.Release|x64.ActiveCfg = Release|x64
		{11344DE9-A29D-4362-A5EA-D8378E64AC50}.Release|x64.Build.0 = Release|x64
		{11344DE9-A29D-4362-A5EA-D8378E64AC50}.Release|x86.ActiveCfg = Release|Win32
		{11344DE9-A29D-4362-A5EA-D8378E64AC50}.Release|x86.Build.0 = Release|Win32
		{7B9A25CE-675B-496C-92A1-DE61BBBCF9BA}.Debug|Any CPU.ActiveCfg = Debug|Win32
		{7B9A25CE-675B-496C-92A1-DE61BBBCF9BA}.Debug|Any CPU.Build.0 = Debug|Win32
		{7B9A25CE-675B-496C-92A1-DE61BBBCF9BA}.Debug|x64.ActiveCfg = Debug|x64
		{7B9A25CE-675B-496C-92A1-DE61BBBCF9BA}.Debug|x64.Build.0 = Debug|x64
		{7B9A25CE-675B-496C-92A1-DE61BBBCF9BA}.Debug|x86.ActiveCfg = Debug|Win32
		{7B9A25CE-675B-496C-92A1-DE61BBBCF9BA}.Debug|x86.Build.0 = Debug|Win32
		{7B9A25CE-675B-496C-92A1-DE61BBBCF9BA}.Release|Any CPU.ActiveCfg = Release|Win32
		{7B9A25CE-675B-496C-92A1-DE61BBBCF9BA}.Release|x64.ActiveCfg = Release|x64
		{7B9A25CE-675B-496C-92A1-DE61BBBCF9BA}.Release|x64.Build.0 = Release|x64
		{7B9A25CE-675B-496C-92A1-DE61BBBCF9BA}.Release|x86.ActiveCfg = Release|Win32
		{7B9A25CE-675B-496C-92A1-DE61BBBCF9BA}.Release|x86.Build.0 = Release|Win32
		{E8CE67A0-F107-4641-8F37-5FD11FE2EBF5}.Debug|Any CPU.ActiveCfg = Debug|Win32
		{E8CE67A0-F107-4641-8F37-5FD11FE2EBF5}.Debug|Any CPU.Build.0 = Debug|Win32
		{E8CE67A0-F107-4641-8F37-5FD11FE2EBF5}.Debug|x64.ActiveCfg = Debug|x64
		{E8CE67A0-F107-4641-8F37-5FD11FE2EBF5}.Debug|x64.Build.0 = Debug|x64
		{E8CE67A0-F107-4641-8F37-5FD11FE2EBF5}.Debug|x86.ActiveCfg = Debug|Win32
		{E8CE67A0-F107-4641-8F37-5FD11FE2EBF5}.Debug|x86.Build.0 = Debug|Win32
		{E8CE67A0-F107-4641-8F37-5FD11FE2EBF5}.Release|Any CPU.ActiveCfg = Release|Win32
		{E8CE67A0-F107-4641-8F37-5FD11FE2EBF5}.Release|x64.ActiveCfg = Release|x64
		{E8CE67A0-F107-4641-8F37-5FD11FE2EBF5}.Release|x64.Build.0 = Release|x64
		{E8CE67A0-F107-4641-8F37-5FD11FE2EBF5}.Release|x86.ActiveCfg = Release|Win32
		{E8CE67A0-F107-4641-8F37-5FD11FE2EBF5}.Release|x86.Build.0 = Release|Win32
		{8067D586-7024-4401-8474-EDEDBBDD1FE3}.Debug|Any CPU.ActiveCfg = Debug|Win32
		{8067D586-7024-4401-8474-EDEDBBDD1FE3}.Debug|Any CPU.Build.0 = Debug|Win32
		{8067D586-7024-4401-8474-EDEDBBDD1FE3}.Debug|x64.ActiveCfg = Debug|x64
		{8067D586-7024-4401-8474-EDEDBBDD1FE3}.Debug|x64.Build.0 = Debug|x64
		{8067D586-7024-4401-8474-EDEDBBDD1FE3}.Debug|x86.ActiveCfg = Debug|Win32
		{8067D586-7024-4401-8474-EDEDBBDD1FE3}.Debug|x86.Build.0 = Debug|Win32
		{8067D586-7024-4401-8474-EDEDBBDD1FE3}.Release|Any CPU.ActiveCfg = Release|Win32
		{8067D586-7024-4401-8474-EDEDBBDD1FE3}.Release|x64.ActiveCfg = Release|x64
		{8067D586-7024-4401-8474-EDEDBBDD1FE3}.Release|x64.Build.0 = Release|x64
		{8067D586-7024-4401-8474-EDEDBBDD1FE3}.Release|x86.ActiveCfg = Release|Win32
		{8067D586-7024-4401-8474-EDEDBBDD1FE3}.Release|x86.Build.0 = Release|Win32
	EndGlobalSection
	GlobalSection(SolutionProperties) = preSolution
		HideSolutionNode = FALSE
	EndGlobalSection
EndGlobal
